// !$*UTF8*$!
{
	archiveVersion = 1;
	classes = {
	};
	objectVersion = 46;
	objects = {

/* Begin PBXBuildFile section */
		292CB3691C2BEC2100D4E85C /* main.m in Sources */ = {isa = PBXBuildFile; fileRef = 292CB3681C2BEC2100D4E85C /* main.m */; };
		292CB36C1C2BEC2100D4E85C /* AppDelegate.m in Sources */ = {isa = PBXBuildFile; fileRef = 292CB36B1C2BEC2100D4E85C /* AppDelegate.m */; };
		292CB36F1C2BEC2100D4E85C /* ViewController.m in Sources */ = {isa = PBXBuildFile; fileRef = 292CB36E1C2BEC2100D4E85C /* ViewController.m */; };
		292CB3721C2BEC2100D4E85C /* Main.storyboard in Resources */ = {isa = PBXBuildFile; fileRef = 292CB3701C2BEC2100D4E85C /* Main.storyboard */; };
		292CB3741C2BEC2100D4E85C /* Images.xcassets in Resources */ = {isa = PBXBuildFile; fileRef = 292CB3731C2BEC2100D4E85C /* Images.xcassets */; };
		292CB3771C2BEC2100D4E85C /* LaunchScreen.xib in Resources */ = {isa = PBXBuildFile; fileRef = 292CB3751C2BEC2100D4E85C /* LaunchScreen.xib */; };
		292CB3831C2BEC2100D4E85C /* SecondViewTests.m in Sources */ = {isa = PBXBuildFile; fileRef = 292CB3821C2BEC2100D4E85C /* SecondViewTests.m */; };
/* End PBXBuildFile section */

/* Begin PBXContainerItemProxy section */
		292CB37D1C2BEC2100D4E85C /* PBXContainerItemProxy */ = {
			isa = PBXContainerItemProxy;
			containerPortal = 292CB35B1C2BEC2100D4E85C /* Project object */;
			proxyType = 1;
			remoteGlobalIDString = 292CB3621C2BEC2100D4E85C;
			remoteInfo = SecondView;
		};
/* End PBXContainerItemProxy section */

/* Begin PBXFileReference section */
		292CB3631C2BEC2100D4E85C /* SecondView.app */ = {isa = PBXFileReference; explicitFileType = wrapper.application; includeInIndex = 0; path = SecondView.app; sourceTree = BUILT_PRODUCTS_DIR; };
		292CB3671C2BEC2100D4E85C /* Info.plist */ = {isa = PBXFileReference; lastKnownFileType = text.plist.xml; path = Info.plist; sourceTree = "<group>"; };
		292CB3681C2BEC2100D4E85C /* main.m */ = {isa = PBXFileReference; lastKnownFileType = sourcecode.c.objc; path = main.m; sourceTree = "<group>"; };
		292CB36A1C2BEC2100D4E85C /* AppDelegate.h */ = {isa = PBXFileReference; lastKnownFileType = sourcecode.c.h; path = AppDelegate.h; sourceTree = "<group>"; };
		292CB36B1C2BEC2100D4E85C /* AppDelegate.m */ = {isa = PBXFileReference; lastKnownFileType = sourcecode.c.objc; path = AppDelegate.m; sourceTree = "<group>"; };
		292CB36D1C2BEC2100D4E85C /* ViewController.h */ = {isa = PBXFileReference; lastKnownFileType = sourcecode.c.h; path = ViewController.h; sourceTree = "<group>"; };
		292CB36E1C2BEC2100D4E85C /* ViewController.m */ = {isa = PBXFileReference; lastKnownFileType = sourcecode.c.objc; path = ViewController.m; sourceTree = "<group>"; };
		292CB3711C2BEC2100D4E85C /* Base */ = {isa = PBXFileReference; lastKnownFileType = file.storyboard; name = Base; path = Base.lproj/Main.storyboard; sourceTree = "<group>"; };
		292CB3731C2BEC2100D4E85C /* Images.xcassets */ = {isa = PBXFileReference; lastKnownFileType = folder.assetcatalog; path = Images.xcassets; sourceTree = "<group>"; };
		292CB3761C2BEC2100D4E85C /* Base */ = {isa = PBXFileReference; lastKnownFileType = file.xib; name = Base; path = Base.lproj/LaunchScreen.xib; sourceTree = "<group>"; };
		292CB37C1C2BEC2100D4E85C /* SecondViewTests.xctest */ = {isa = PBXFileReference; explicitFileType = wrapper.cfbundle; includeInIndex = 0; path = SecondViewTests.xctest; sourceTree = BUILT_PRODUCTS_DIR; };
		292CB3811C2BEC2100D4E85C /* Info.plist */ = {isa = PBXFileReference; lastKnownFileType = text.plist.xml; path = Info.plist; sourceTree = "<group>"; };
		292CB3821C2BEC2100D4E85C /* SecondViewTests.m */ = {isa = PBXFileReference; lastKnownFileType = sourcecode.c.objc; path = SecondViewTests.m; sourceTree = "<group>"; };
/* End PBXFileReference section */

/* Begin PBXFrameworksBuildPhase section */
		292CB3601C2BEC2100D4E85C /* Frameworks */ = {
			isa = PBXFrameworksBuildPhase;
			buildActionMask = 2147483647;
			files = (
			);
			runOnlyForDeploymentPostprocessing = 0;
		};
		292CB3791C2BEC2100D4E85C /* Frameworks */ = {
			isa = PBXFrameworksBuildPhase;
			buildActionMask = 2147483647;
			files = (
			);
			runOnlyForDeploymentPostprocessing = 0;
		};
/* End PBXFrameworksBuildPhase section */

/* Begin PBXGroup section */
		292CB35A1C2BEC2100D4E85C = {
			isa = PBXGroup;
			children = (
				292CB3651C2BEC2100D4E85C /* SecondView */,
				292CB37F1C2BEC2100D4E85C /* SecondViewTests */,
				292CB3641C2BEC2100D4E85C /* Products */,
			);
			sourceTree = "<group>";
		};
		292CB3641C2BEC2100D4E85C /* Products */ = {
			isa = PBXGroup;
			children = (
				292CB3631C2BEC2100D4E85C /* SecondView.app */,
				292CB37C1C2BEC2100D4E85C /* SecondViewTests.xctest */,
			);
			name = Products;
			sourceTree = "<group>";
		};
		292CB3651C2BEC2100D4E85C /* SecondView */ = {
			isa = PBXGroup;
			children = (
				292CB36A1C2BEC2100D4E85C /* AppDelegate.h */,
				292CB36B1C2BEC2100D4E85C /* AppDelegate.m */,
				292CB36D1C2BEC2100D4E85C /* ViewController.h */,
				292CB36E1C2BEC2100D4E85C /* ViewController.m */,
				292CB3701C2BEC2100D4E85C /* Main.storyboard */,
				292CB3731C2BEC2100D4E85C /* Images.xcassets */,
				292CB3751C2BEC2100D4E85C /* LaunchScreen.xib */,
				292CB3661C2BEC2100D4E85C /* Supporting Files */,
			);
			path = SecondView;
			sourceTree = "<group>";
		};
		292CB3661C2BEC2100D4E85C /* Supporting Files */ = {
			isa = PBXGroup;
			children = (
				292CB3671C2BEC2100D4E85C /* Info.plist */,
				292CB3681C2BEC2100D4E85C /* main.m */,
			);
			name = "Supporting Files";
			sourceTree = "<group>";
		};
		292CB37F1C2BEC2100D4E85C /* SecondViewTests */ = {
			isa = PBXGroup;
			children = (
				292CB3821C2BEC2100D4E85C /* SecondViewTests.m */,
				292CB3801C2BEC2100D4E85C /* Supporting Files */,
			);
			path = SecondViewTests;
			sourceTree = "<group>";
		};
		292CB3801C2BEC2100D4E85C /* Supporting Files */ = {
			isa = PBXGroup;
			children = (
				292CB3811C2BEC2100D4E85C /* Info.plist */,
			);
			name = "Supporting Files";
			sourceTree = "<group>";
		};
/* End PBXGroup section */

/* Begin PBXNativeTarget section */
		292CB3621C2BEC2100D4E85C /* SecondView */ = {
			isa = PBXNativeTarget;
			buildConfigurationList = 292CB3861C2BEC2100D4E85C /* Build configuration list for PBXNativeTarget "SecondView" */;
			buildPhases = (
				292CB35F1C2BEC2100D4E85C /* Sources */,
				292CB3601C2BEC2100D4E85C /* Frameworks */,
				292CB3611C2BEC2100D4E85C /* Resources */,
			);
			buildRules = (
			);
			dependencies = (
			);
			name = SecondView;
			productName = SecondView;
			productReference = 292CB3631C2BEC2100D4E85C /* SecondView.app */;
			productType = "com.apple.product-type.application";
		};
		292CB37B1C2BEC2100D4E85C /* SecondViewTests */ = {
			isa = PBXNativeTarget;
			buildConfigurationList = 292CB3891C2BEC2100D4E85C /* Build configuration list for PBXNativeTarget "SecondViewTests" */;
			buildPhases = (
				292CB3781C2BEC2100D4E85C /* Sources */,
				292CB3791C2BEC2100D4E85C /* Frameworks */,
				292CB37A1C2BEC2100D4E85C /* Resources */,
			);
			buildRules = (
			);
			dependencies = (
				292CB37E1C2BEC2100D4E85C /* PBXTargetDependency */,
			);
			name = SecondViewTests;
			productName = SecondViewTests;
			productReference = 292CB37C1C2BEC2100D4E85C /* SecondViewTests.xctest */;
			productType = "com.apple.product-type.bundle.unit-test";
		};
/* End PBXNativeTarget section */

/* Begin PBXProject section */
		292CB35B1C2BEC2100D4E85C /* Project object */ = {
			isa = PBXProject;
			attributes = {
				LastUpgradeCheck = 0610;
				ORGANIZATIONNAME = Robco;
				TargetAttributes = {
					292CB3621C2BEC2100D4E85C = {
						CreatedOnToolsVersion = 6.1.1;
					};
					292CB37B1C2BEC2100D4E85C = {
						CreatedOnToolsVersion = 6.1.1;
						TestTargetID = 292CB3621C2BEC2100D4E85C;
					};
				};
			};
			buildConfigurationList = 292CB35E1C2BEC2100D4E85C /* Build configuration list for PBXProject "SecondView" */;
			compatibilityVersion = "Xcode 3.2";
			developmentRegion = English;
			hasScannedForEncodings = 0;
			knownRegions = (
				en,
				Base,
			);
			mainGroup = 292CB35A1C2BEC2100D4E85C;
			productRefGroup = 292CB3641C2BEC2100D4E85C /* Products */;
			projectDirPath = "";
			projectRoot = "";
			targets = (
				292CB3621C2BEC2100D4E85C /* SecondView */,
				292CB37B1C2BEC2100D4E85C /* SecondViewTests */,
			);
		};
/* End PBXProject section */

/* Begin PBXResourcesBuildPhase section */
		292CB3611C2BEC2100D4E85C /* Resources */ = {
			isa = PBXResourcesBuildPhase;
			buildActionMask = 2147483647;
			files = (
				292CB3721C2BEC2100D4E85C /* Main.storyboard in Resources */,
				292CB3771C2BEC2100D4E85C /* LaunchScreen.xib in Resources */,
				292CB3741C2BEC2100D4E85C /* Images.xcassets in Resources */,
			);
			runOnlyForDeploymentPostprocessing = 0;
		};
		292CB37A1C2BEC2100D4E85C /* Resources */ = {
			isa = PBXResourcesBuildPhase;
			buildActionMask = 2147483647;
			files = (
			);
			runOnlyForDeploymentPostprocessing = 0;
		};
/* End PBXResourcesBuildPhase section */

/* Begin PBXSourcesBuildPhase section */
		292CB35F1C2BEC2100D4E85C /* Sources */ = {
			isa = PBXSourcesBuildPhase;
			buildActionMask = 2147483647;
			files = (
				292CB36F1C2BEC2100D4E85C /* ViewController.m in Sources */,
				292CB36C1C2BEC2100D4E85C /* AppDelegate.m in Sources */,
				292CB3691C2BEC2100D4E85C /* main.m in Sources */,
			);
			runOnlyForDeploymentPostprocessing = 0;
		};
		292CB3781C2BEC2100D4E85C /* Sources */ = {
			isa = PBXSourcesBuildPhase;
			buildActionMask = 2147483647;
			files = (
				292CB3831C2BEC2100D4E85C /* SecondViewTests.m in Sources */,
			);
			runOnlyForDeploymentPostprocessing = 0;
		};
/* End PBXSourcesBuildPhase section */

/* Begin PBXTargetDependency section */
		292CB37E1C2BEC2100D4E85C /* PBXTargetDependency */ = {
			isa = PBXTargetDependency;
			target = 292CB3621C2BEC2100D4E85C /* SecondView */;
			targetProxy = 292CB37D1C2BEC2100D4E85C /* PBXContainerItemProxy */;
		};
/* End PBXTargetDependency section */

/* Begin PBXVariantGroup section */
		292CB3701C2BEC2100D4E85C /* Main.storyboard */ = {
			isa = PBXVariantGroup;
			children = (
				292CB3711C2BEC2100D4E85C /* Base */,
			);
			name = Main.storyboard;
			sourceTree = "<group>";
		};
		292CB3751C2BEC2100D4E85C /* LaunchScreen.xib */ = {
			isa = PBXVariantGroup;
			children = (
				292CB3761C2BEC2100D4E85C /* Base */,
			);
			name = LaunchScreen.xib;
			sourceTree = "<group>";
		};
/* End PBXVariantGroup section */

/* Begin XCBuildConfiguration section */
		292CB3841C2BEC2100D4E85C /* Debug */ = {
			isa = XCBuildConfiguration;
			buildSettings = {
				ALWAYS_SEARCH_USER_PATHS = NO;
				CLANG_CXX_LANGUAGE_STANDARD = "gnu++0x";
				CLANG_CXX_LIBRARY = "libc++";
				CLANG_ENABLE_MODULES = YES;
				CLANG_ENABLE_OBJC_ARC = YES;
				CLANG_WARN_BOOL_CONVERSION = YES;
				CLANG_WARN_CONSTANT_CONVERSION = YES;
				CLANG_WARN_DIRECT_OBJC_ISA_USAGE = YES_ERROR;
				CLANG_WARN_EMPTY_BODY = YES;
				CLANG_WARN_ENUM_CONVERSION = YES;
				CLANG_WARN_INT_CONVERSION = YES;
				CLANG_WARN_OBJC_ROOT_CLASS = YES_ERROR;
				CLANG_WARN_UNREACHABLE_CODE = YES;
				CLANG_WARN__DUPLICATE_METHOD_MATCH = YES;
				"CODE_SIGN_IDENTITY[sdk=iphoneos*]" = "iPhone Developer";
				COPY_PHASE_STRIP = NO;
				ENABLE_STRICT_OBJC_MSGSEND = YES;
				GCC_C_LANGUAGE_STANDARD = gnu99;
				GCC_DYNAMIC_NO_PIC = NO;
				GCC_OPTIMIZATION_LEVEL = 0;
				GCC_PREPROCESSOR_DEFINITIONS = (
					"DEBUG=1",
					"$(inherited)",
				);
				GCC_SYMBOLS_PRIVATE_EXTERN = NO;
				GCC_WARN_64_TO_32_BIT_CONVERSION = YES;
				GCC_WARN_ABOUT_RETURN_TYPE = YES_ERROR;
				GCC_WARN_UNDECLARED_SELECTOR = YES;
				GCC_WARN_UNINITIALIZED_AUTOS = YES_AGGRESSIVE;
				GCC_WARN_UNUSED_FUNCTION = YES;
				GCC_WARN_UNUSED_VARIABLE = YES;
				IPHONEOS_DEPLOYMENT_TARGET = 8.1;
				MTL_ENABLE_DEBUG_INFO = YES;
				ONLY_ACTIVE_ARCH = YES;
				SDKROOT = iphoneos;
			};
			name = Debug;
		};
		292CB3851C2BEC2100D4E85C /* Release */ = {
			isa = XCBuildConfiguration;
			buildSettings = {
				ALWAYS_SEARCH_USER_PATHS = NO;
				CLANG_CXX_LANGUAGE_STANDARD = "gnu++0x";
				CLANG_CXX_LIBRARY = "libc++";
				CLANG_ENABLE_MODULES = YES;
				CLANG_ENABLE_OBJC_ARC = YES;
				CLANG_WARN_BOOL_CONVERSION = YES;
				CLANG_WARN_CONSTANT_CONVERSION = YES;
				CLANG_WARN_DIRECT_OBJC_ISA_USAGE = YES_ERROR;
				CLANG_WARN_EMPTY_BODY = YES;
				CLANG_WARN_ENUM_CONVERSION = YES;
				CLANG_WARN_INT_CONVERSION = YES;
				CLANG_WARN_OBJC_ROOT_CLASS = YES_ERROR;
				CLANG_WARN_UNREACHABLE_CODE = YES;
				CLANG_WARN__DUPLICATE_METHOD_MATCH = YES;
				"CODE_SIGN_IDENTITY[sdk=iphoneos*]" = "iPhone Developer";
				COPY_PHASE_STRIP = YES;
				ENABLE_NS_ASSERTIONS = NO;
				ENABLE_STRICT_OBJC_MSGSEND = YES;
				GCC_C_LANGUAGE_STANDARD = gnu99;
				GCC_WARN_64_TO_32_BIT_CONVERSION = YES;
				GCC_WARN_ABOUT_RETURN_TYPE = YES_ERROR;
				GCC_WARN_UNDECLARED_SELECTOR = YES;
				GCC_WARN_UNINITIALIZED_AUTOS = YES_AGGRESSIVE;
				GCC_WARN_UNUSED_FUNCTION = YES;
				GCC_WARN_UNUSED_VARIABLE = YES;
				IPHONEOS_DEPLOYMENT_TARGET = 8.1;
				MTL_ENABLE_DEBUG_INFO = NO;
				SDKROOT = iphoneos;
				VALIDATE_PRODUCT = YES;
			};
			name = Release;
		};
		292CB3871C2BEC2100D4E85C /* Debug */ = {
			isa = XCBuildConfiguration;
			buildSettings = {
				ASSETCATALOG_COMPILER_APPICON_NAME = AppIcon;
				INFOPLIST_FILE = SecondView/Info.plist;
				LD_RUNPATH_SEARCH_PATHS = "$(inherited) @executable_path/Frameworks";
				PRODUCT_NAME = "$(TARGET_NAME)";
			};
			name = Debug;
		};
		292CB3881C2BEC2100D4E85C /* Release */ = {
			isa = XCBuildConfiguration;
			buildSettings = {
				ASSETCATALOG_COMPILER_APPICON_NAME = AppIcon;
				INFOPLIST_FILE = SecondView/Info.plist;
				LD_RUNPATH_SEARCH_PATHS = "$(inherited) @executable_path/Frameworks";
				PRODUCT_NAME = "$(TARGET_NAME)";
			};
			name = Release;
		};
		292CB38A1C2BEC2100D4E85C /* Debug */ = {
			isa = XCBuildConfiguration;
			buildSettings = {
				BUNDLE_LOADER = "$(TEST_HOST)";
				FRAMEWORK_SEARCH_PATHS = (
					"$(SDKROOT)/Developer/Library/Frameworks",
					"$(inherited)",
				);
				GCC_PREPROCESSOR_DEFINITIONS = (
					"DEBUG=1",
					"$(inherited)",
				);
				INFOPLIST_FILE = SecondViewTests/Info.plist;
				LD_RUNPATH_SEARCH_PATHS = "$(inherited) @executable_path/Frameworks @loader_path/Frameworks";
				PRODUCT_NAME = "$(TARGET_NAME)";
				TEST_HOST = "$(BUILT_PRODUCTS_DIR)/SecondView.app/SecondView";
			};
			name = Debug;
		};
		292CB38B1C2BEC2100D4E85C /* Release */ = {
			isa = XCBuildConfiguration;
			buildSettings = {
				BUNDLE_LOADER = "$(TEST_HOST)";
				FRAMEWORK_SEARCH_PATHS = (
					"$(SDKROOT)/Developer/Library/Frameworks",
					"$(inherited)",
				);
				INFOPLIST_FILE = SecondViewTests/Info.plist;
				LD_RUNPATH_SEARCH_PATHS = "$(inherited) @executable_path/Frameworks @loader_path/Frameworks";
				PRODUCT_NAME = "$(TARGET_NAME)";
				TEST_HOST = "$(BUILT_PRODUCTS_DIR)/SecondView.app/SecondView";
			};
			name = Release;
		};
/* End XCBuildConfiguration section */

/* Begin XCConfigurationList section */
		292CB35E1C2BEC2100D4E85C /* Build configuration list for PBXProject "SecondView" */ = {
			isa = XCConfigurationList;
			buildConfigurations = (
				292CB3841C2BEC2100D4E85C /* Debug */,
				292CB3851C2BEC2100D4E85C /* Release */,
			);
			defaultConfigurationIsVisible = 0;
			defaultConfigurationName = Release;
		};
		292CB3861C2BEC2100D4E85C /* Build configuration list for PBXNativeTarget "SecondView" */ = {
			isa = XCConfigurationList;
			buildConfigurations = (
				292CB3871C2BEC2100D4E85C /* Debug */,
				292CB3881C2BEC2100D4E85C /* Release */,
			);
			defaultConfigurationIsVisible = 0;
		};
		292CB3891C2BEC2100D4E85C /* Build configuration list for PBXNativeTarget "SecondViewTests" */ = {
			isa = XCConfigurationList;
			buildConfigurations = (
				292CB38A1C2BEC2100D4E85C /* Debug */,
				292CB38B1C2BEC2100D4E85C /* Release */,
			);
			defaultConfigurationIsVisible = 0;
		};
/* End XCConfigurationList section */
	};
	rootObject = 292CB35B1C2BEC2100D4E85C /* Project object */;
}
